
Microsoft Visual Studio Solution File, Format Version 12.00
# Visual Studio Version 16
VisualStudioVersion = 16.0.31729.503
MinimumVisualStudioVersion = 10.0.40219.1
Project("{9A19103F-16F7-4668-BE54-9A1E7A4F7556}") = "users_app.Api", "users_app\users_app.Api.csproj", "{E7401891-04B0-496B-920D-B5A584541420}"
EndProject
Project("{FAE04EC0-301F-11D3-BF4B-00C04F79EFBC}") = "users_app.Application", "users_app.Application\users_app.Application.csproj", "{57A4473F-8219-4D68-B8AE-7E5B8A45509E}"
EndProject
Project("{FAE04EC0-301F-11D3-BF4B-00C04F79EFBC}") = "users_app.DataAccess", "users_app.DataAccess\users_app.DataAccess.csproj", "{392672BF-6740-44BA-8FFF-ED5B4782EA63}"
EndProject
Project("{FAE04EC0-301F-11D3-BF4B-00C04F79EFBC}") = "users_app.Domain", "users_app.Domain\users_app.Domain.csproj", "{7122E821-1776-4894-A6E2-6F091CAC35E5}"
EndProject
Project("{FAE04EC0-301F-11D3-BF4B-00C04F79EFBC}") = "users_app.Implementation", "users_app.Implementation\users_app.Implementation.csproj", "{9B478FC2-8772-4BCD-8590-FCE8D31016B3}"
EndProject
Global
	GlobalSection(SolutionConfigurationPlatforms) = preSolution
		Debug|Any CPU = Debug|Any CPU
		Release|Any CPU = Release|Any CPU
	EndGlobalSection
	GlobalSection(ProjectConfigurationPlatforms) = postSolution
		{E7401891-04B0-496B-920D-B5A584541420}.Debug|Any CPU.ActiveCfg = Debug|Any CPU
		{E7401891-04B0-496B-920D-B5A584541420}.Debug|Any CPU.Build.0 = Debug|Any CPU
		{E7401891-04B0-496B-920D-B5A584541420}.Release|Any CPU.ActiveCfg = Release|Any CPU
		{E7401891-04B0-496B-920D-B5A584541420}.Release|Any CPU.Build.0 = Release|Any CPU
		{57A4473F-8219-4D68-B8AE-7E5B8A45509E}.Debug|Any CPU.ActiveCfg = Debug|Any CPU
		{57A4473F-8219-4D68-B8AE-7E5B8A45509E}.Debug|Any CPU.Build.0 = Debug|Any CPU
		{57A4473F-8219-4D68-B8AE-7E5B8A45509E}.Release|Any CPU.ActiveCfg = Release|Any CPU
		{57A4473F-8219-4D68-B8AE-7E5B8A45509E}.Release|Any CPU.Build.0 = Release|Any CPU
		{392672BF-6740-44BA-8FFF-ED5B4782EA63}.Debug|Any CPU.ActiveCfg = Debug|Any CPU
		{392672BF-6740-44BA-8FFF-ED5B4782EA63}.Debug|Any CPU.Build.0 = Debug|Any CPU
		{392672BF-6740-44BA-8FFF-ED5B4782EA63}.Release|Any CPU.ActiveCfg = Release|Any CPU
		{392672BF-6740-44BA-8FFF-ED5B4782EA63}.Release|Any CPU.Build.0 = Release|Any CPU
		{7122E821-1776-4894-A6E2-6F091CAC35E5}.Debug|Any CPU.ActiveCfg = Debug|Any CPU
		{7122E821-1776-4894-A6E2-6F091CAC35E5}.Debug|Any CPU.Build.0 = Debug|Any CPU
		{7122E821-1776-4894-A6E2-6F091CAC35E5}.Release|Any CPU.ActiveCfg = Release|Any CPU
		{7122E821-1776-4894-A6E2-6F091CAC35E5}.Release|Any CPU.Build.0 = Release|Any CPU
		{9B478FC2-8772-4BCD-8590-FCE8D31016B3}.Debug|Any CPU.ActiveCfg = Debug|Any CPU
		{9B478FC2-8772-4BCD-8590-FCE8D31016B3}.Debug|Any CPU.Build.0 = Debug|Any CPU
		{9B478FC2-8772-4BCD-8590-FCE8D31016B3}.Release|Any CPU.ActiveCfg = Release|Any CPU
		{9B478FC2-8772-4BCD-8590-FCE8D31016B3}.Release|Any CPU.Build.0 = Release|Any CPU
	EndGlobalSection
	GlobalSection(SolutionProperties) = preSolution
		HideSolutionNode = FALSE
	EndGlobalSection
	GlobalSection(ExtensibilityGlobals) = postSolution
		SolutionGuid = {CB09BF51-35F6-470B-A106-F2E187ACAEC8}
	EndGlobalSection
EndGlobal
